
Microsoft Visual Studio Solution File, Format Version 12.00
# Visual Studio Version 16
VisualStudioVersion = 16.0.29728.190
MinimumVisualStudioVersion = 10.0.40219.1
Project("{FAE04EC0-301F-11D3-BF4B-00C04F79EFBC}") = "1008", "1008\1008.csproj", "{F0045009-94A1-4E56-A24A-931A44881DDA}"
EndProject
Project("{FAE04EC0-301F-11D3-BF4B-00C04F79EFBC}") = "10869", "10869\10869.csproj", "{9CBADB17-70F9-4853-A3AA-283F31EC523A}"
EndProject
Project("{FAE04EC0-301F-11D3-BF4B-00C04F79EFBC}") = "10430", "10430\10430.csproj", "{A71BC247-0A01-4477-B4BF-5AE6205AB2C2}"
EndProject
Project("{FAE04EC0-301F-11D3-BF4B-00C04F79EFBC}") = "2588", "2588\2588.csproj", "{EE72FDD8-E24C-4456-AADB-6CB2DD5CF075}"
EndProject
Project("{FAE04EC0-301F-11D3-BF4B-00C04F79EFBC}") = "1330", "1330\1330.csproj", "{79A15F57-30A1-40E4-B882-B4A9D6D346D6}"
EndProject
Project("{FAE04EC0-301F-11D3-BF4B-00C04F79EFBC}") = "1003", "1003\1003.csproj", "{E1C4FD52-A7F0-45CE-8B7D-13AADB6163EB}"
EndProject
Project("{FAE04EC0-301F-11D3-BF4B-00C04F79EFBC}") = "9498", "9498\9498.csproj", "{ECD95386-15B6-45DF-AE9C-C2C1A5773295}"
EndProject
Project("{FAE04EC0-301F-11D3-BF4B-00C04F79EFBC}") = "2753", "2753\2753.csproj", "{B0900227-BC2B-4C5B-A935-B7D9AC0D190B}"
EndProject
Project("{FAE04EC0-301F-11D3-BF4B-00C04F79EFBC}") = "2884", "2884\2884.csproj", "{5AA12AF7-04E9-482D-BDA3-B77FDBD82116}"
EndProject
Project("{FAE04EC0-301F-11D3-BF4B-00C04F79EFBC}") = "10817", "10817\10817.csproj", "{1936338B-0E03-4B82-A44D-D33FA6B7D7E3}"
EndProject
Project("{FAE04EC0-301F-11D3-BF4B-00C04F79EFBC}") = "2739", "2739\2739.csproj", "{60A00A0D-B9CD-463F-BF0F-1580F1C2DD78}"
EndProject
Project("{FAE04EC0-301F-11D3-BF4B-00C04F79EFBC}") = "10950", "10950\10950.csproj", "{057C2C1B-6F54-4096-8216-C6C0B40067EE}"
EndProject
Project("{FAE04EC0-301F-11D3-BF4B-00C04F79EFBC}") = "8393", "8393\8393.csproj", "{FAAACB50-4DFE-41A2-88C9-14CAEB166797}"
EndProject
Project("{FAE04EC0-301F-11D3-BF4B-00C04F79EFBC}") = "15552", "15552\15552.csproj", "{01CD0B68-4EA9-4B03-83C7-32800A8765FD}"
EndProject
Project("{FAE04EC0-301F-11D3-BF4B-00C04F79EFBC}") = "2741", "2741\2741.csproj", "{F13AB4B0-757A-42AF-83BD-9F49B4C17A98}"
EndProject
Project("{FAE04EC0-301F-11D3-BF4B-00C04F79EFBC}") = "2742", "2742\2742.csproj", "{FA344A0F-411B-482E-AB49-8AAA0257502E}"
EndProject
Project("{FAE04EC0-301F-11D3-BF4B-00C04F79EFBC}") = "11021", "11021\11021.csproj", "{A8518C8F-ED3B-4E02-900B-DF438F9FA86E}"
EndProject
Project("{FAE04EC0-301F-11D3-BF4B-00C04F79EFBC}") = "11022", "11022\11022.csproj", "{104DD890-AFF3-43A0-8A3D-0297A0BA17E6}"
EndProject
Project("{FAE04EC0-301F-11D3-BF4B-00C04F79EFBC}") = "2438", "2438\2438.csproj", "{3543884C-2E1D-4FAC-B046-BF230894A9CA}"
EndProject
Project("{FAE04EC0-301F-11D3-BF4B-00C04F79EFBC}") = "2439", "2439\2439.csproj", "{24C97B10-375C-485F-B74F-0F4B5EEF42D2}"
EndProject
Project("{FAE04EC0-301F-11D3-BF4B-00C04F79EFBC}") = "10871", "10871\10871.csproj", "{81331EBC-51D7-427E-9F07-A50FAD7B6B41}"
EndProject
Project("{FAE04EC0-301F-11D3-BF4B-00C04F79EFBC}") = "10952", "10952\10952.csproj", "{45ECDBD3-224A-48BA-8276-E053A8B9E9AB}"
EndProject
Project("{FAE04EC0-301F-11D3-BF4B-00C04F79EFBC}") = "10951", "10951\10951.csproj", "{A9A260BD-EFAD-450E-9AD2-907C699D97D1}"
EndProject
Project("{FAE04EC0-301F-11D3-BF4B-00C04F79EFBC}") = "1110", "1110\1110.csproj", "{96B0CEAF-5F8B-4B3C-9305-26E14E28FB7E}"
EndProject
Project("{FAE04EC0-301F-11D3-BF4B-00C04F79EFBC}") = "10818", "10818\10818.csproj", "{5375C963-C362-4EF7-84C3-277FDC22D34D}"
EndProject
Project("{FAE04EC0-301F-11D3-BF4B-00C04F79EFBC}") = "2562", "2562\2562.csproj", "{BEF6AD6B-C9A1-47FF-84B5-6FF875649BB1}"
EndProject
Project("{FAE04EC0-301F-11D3-BF4B-00C04F79EFBC}") = "3052", "3052\3052.csproj", "{E6DE89CA-E4FC-4ADC-A405-87FEB97D3D61}"
EndProject
Project("{FAE04EC0-301F-11D3-BF4B-00C04F79EFBC}") = "52191", "52191\52191.csproj", "{2A2FED22-9430-4DCA-890A-A582CBE365E2}"
EndProject
Project("{9A19103F-16F7-4668-BE54-9A1E7A4F7556}") = "8958", "8958\8958.csproj", "{881AE24F-7F86-4CAB-857B-2B3850E36E92}"
EndProject
Project("{9A19103F-16F7-4668-BE54-9A1E7A4F7556}") = "4344", "4344\4344.csproj", "{C4CA4900-BE1E-4695-AC5D-8B6BF784D17B}"
EndProject
Project("{9A19103F-16F7-4668-BE54-9A1E7A4F7556}") = "15596", "15596\15596.csproj", "{D36E795A-462E-4B0D-A4A0-E592E3355B0E}"
EndProject
Project("{9A19103F-16F7-4668-BE54-9A1E7A4F7556}") = "4673", "4673\4673.csproj", "{563BB48B-0286-4846-9359-222C4B4E1ED5}"
EndProject
Project("{FAE04EC0-301F-11D3-BF4B-00C04F79EFBC}") = "1065", "1065\1065.csproj", "{A5126D85-7A3B-4041-A5E3-34E316AA54DA}"
EndProject
Global
	GlobalSection(SolutionConfigurationPlatforms) = preSolution
		Debug|Any CPU = Debug|Any CPU
		Debug|ARM = Debug|ARM
		Debug|ARM64 = Debug|ARM64
		Debug|x64 = Debug|x64
		Debug|x86 = Debug|x86
		Release|Any CPU = Release|Any CPU
		Release|ARM = Release|ARM
		Release|ARM64 = Release|ARM64
		Release|x64 = Release|x64
		Release|x86 = Release|x86
	EndGlobalSection
	GlobalSection(ProjectConfigurationPlatforms) = postSolution
		{F0045009-94A1-4E56-A24A-931A44881DDA}.Debug|Any CPU.ActiveCfg = Debug|Any CPU
		{F0045009-94A1-4E56-A24A-931A44881DDA}.Debug|Any CPU.Build.0 = Debug|Any CPU
		{F0045009-94A1-4E56-A24A-931A44881DDA}.Debug|ARM.ActiveCfg = Debug|Any CPU
		{F0045009-94A1-4E56-A24A-931A44881DDA}.Debug|ARM.Build.0 = Debug|Any CPU
		{F0045009-94A1-4E56-A24A-931A44881DDA}.Debug|ARM64.ActiveCfg = Debug|Any CPU
		{F0045009-94A1-4E56-A24A-931A44881DDA}.Debug|ARM64.Build.0 = Debug|Any CPU
		{F0045009-94A1-4E56-A24A-931A44881DDA}.Debug|x64.ActiveCfg = Debug|Any CPU
		{F0045009-94A1-4E56-A24A-931A44881DDA}.Debug|x64.Build.0 = Debug|Any CPU
		{F0045009-94A1-4E56-A24A-931A44881DDA}.Debug|x86.ActiveCfg = Debug|Any CPU
		{F0045009-94A1-4E56-A24A-931A44881DDA}.Debug|x86.Build.0 = Debug|Any CPU
		{F0045009-94A1-4E56-A24A-931A44881DDA}.Release|Any CPU.ActiveCfg = Release|Any CPU
		{F0045009-94A1-4E56-A24A-931A44881DDA}.Release|Any CPU.Build.0 = Release|Any CPU
		{F0045009-94A1-4E56-A24A-931A44881DDA}.Release|ARM.ActiveCfg = Release|Any CPU
		{F0045009-94A1-4E56-A24A-931A44881DDA}.Release|ARM.Build.0 = Release|Any CPU
		{F0045009-94A1-4E56-A24A-931A44881DDA}.Release|ARM64.ActiveCfg = Release|Any CPU
		{F0045009-94A1-4E56-A24A-931A44881DDA}.Release|ARM64.Build.0 = Release|Any CPU
		{F0045009-94A1-4E56-A24A-931A44881DDA}.Release|x64.ActiveCfg = Release|Any CPU
		{F0045009-94A1-4E56-A24A-931A44881DDA}.Release|x64.Build.0 = Release|Any CPU
		{F0045009-94A1-4E56-A24A-931A44881DDA}.Release|x86.ActiveCfg = Release|Any CPU
		{F0045009-94A1-4E56-A24A-931A44881DDA}.Release|x86.Build.0 = Release|Any CPU
		{9CBADB17-70F9-4853-A3AA-283F31EC523A}.Debug|Any CPU.ActiveCfg = Debug|Any CPU
		{9CBADB17-70F9-4853-A3AA-283F31EC523A}.Debug|Any CPU.Build.0 = Debug|Any CPU
		{9CBADB17-70F9-4853-A3AA-283F31EC523A}.Debug|ARM.ActiveCfg = Debug|Any CPU
		{9CBADB17-70F9-4853-A3AA-283F31EC523A}.Debug|ARM.Build.0 = Debug|Any CPU
		{9CBADB17-70F9-4853-A3AA-283F31EC523A}.Debug|ARM64.ActiveCfg = Debug|Any CPU
		{9CBADB17-70F9-4853-A3AA-283F31EC523A}.Debug|ARM64.Build.0 = Debug|Any CPU
		{9CBADB17-70F9-4853-A3AA-283F31EC523A}.Debug|x64.ActiveCfg = Debug|Any CPU
		{9CBADB17-70F9-4853-A3AA-283F31EC523A}.Debug|x64.Build.0 = Debug|Any CPU
		{9CBADB17-70F9-4853-A3AA-283F31EC523A}.Debug|x86.ActiveCfg = Debug|Any CPU
		{9CBADB17-70F9-4853-A3AA-283F31EC523A}.Debug|x86.Build.0 = Debug|Any CPU
		{9CBADB17-70F9-4853-A3AA-283F31EC523A}.Release|Any CPU.ActiveCfg = Release|Any CPU
		{9CBADB17-70F9-4853-A3AA-283F31EC523A}.Release|Any CPU.Build.0 = Release|Any CPU
		{9CBADB17-70F9-4853-A3AA-283F31EC523A}.Release|ARM.ActiveCfg = Release|Any CPU
		{9CBADB17-70F9-4853-A3AA-283F31EC523A}.Release|ARM.Build.0 = Release|Any CPU
		{9CBADB17-70F9-4853-A3AA-283F31EC523A}.Release|ARM64.ActiveCfg = Release|Any CPU
		{9CBADB17-70F9-4853-A3AA-283F31EC523A}.Release|ARM64.Build.0 = Release|Any CPU
		{9CBADB17-70F9-4853-A3AA-283F31EC523A}.Release|x64.ActiveCfg = Release|Any CPU
		{9CBADB17-70F9-4853-A3AA-283F31EC523A}.Release|x64.Build.0 = Release|Any CPU
		{9CBADB17-70F9-4853-A3AA-283F31EC523A}.Release|x86.ActiveCfg = Release|Any CPU
		{9CBADB17-70F9-4853-A3AA-283F31EC523A}.Release|x86.Build.0 = Release|Any CPU
		{A71BC247-0A01-4477-B4BF-5AE6205AB2C2}.Debug|Any CPU.ActiveCfg = Debug|Any CPU
		{A71BC247-0A01-4477-B4BF-5AE6205AB2C2}.Debug|Any CPU.Build.0 = Debug|Any CPU
		{A71BC247-0A01-4477-B4BF-5AE6205AB2C2}.Debug|ARM.ActiveCfg = Debug|Any CPU
		{A71BC247-0A01-4477-B4BF-5AE6205AB2C2}.Debug|ARM.Build.0 = Debug|Any CPU
		{A71BC247-0A01-4477-B4BF-5AE6205AB2C2}.Debug|ARM64.ActiveCfg = Debug|Any CPU
		{A71BC247-0A01-4477-B4BF-5AE6205AB2C2}.Debug|ARM64.Build.0 = Debug|Any CPU
		{A71BC247-0A01-4477-B4BF-5AE6205AB2C2}.Debug|x64.ActiveCfg = Debug|Any CPU
		{A71BC247-0A01-4477-B4BF-5AE6205AB2C2}.Debug|x64.Build.0 = Debug|Any CPU
		{A71BC247-0A01-4477-B4BF-5AE6205AB2C2}.Debug|x86.ActiveCfg = Debug|Any CPU
		{A71BC247-0A01-4477-B4BF-5AE6205AB2C2}.Debug|x86.Build.0 = Debug|Any CPU
		{A71BC247-0A01-4477-B4BF-5AE6205AB2C2}.Release|Any CPU.ActiveCfg = Release|Any CPU
		{A71BC247-0A01-4477-B4BF-5AE6205AB2C2}.Release|Any CPU.Build.0 = Release|Any CPU
		{A71BC247-0A01-4477-B4BF-5AE6205AB2C2}.Release|ARM.ActiveCfg = Release|Any CPU
		{A71BC247-0A01-4477-B4BF-5AE6205AB2C2}.Release|ARM.Build.0 = Release|Any CPU
		{A71BC247-0A01-4477-B4BF-5AE6205AB2C2}.Release|ARM64.ActiveCfg = Release|Any CPU
		{A71BC247-0A01-4477-B4BF-5AE6205AB2C2}.Release|ARM64.Build.0 = Release|Any CPU
		{A71BC247-0A01-4477-B4BF-5AE6205AB2C2}.Release|x64.ActiveCfg = Release|Any CPU
		{A71BC247-0A01-4477-B4BF-5AE6205AB2C2}.Release|x64.Build.0 = Release|Any CPU
		{A71BC247-0A01-4477-B4BF-5AE6205AB2C2}.Release|x86.ActiveCfg = Release|Any CPU
		{A71BC247-0A01-4477-B4BF-5AE6205AB2C2}.Release|x86.Build.0 = Release|Any CPU
		{EE72FDD8-E24C-4456-AADB-6CB2DD5CF075}.Debug|Any CPU.ActiveCfg = Debug|Any CPU
		{EE72FDD8-E24C-4456-AADB-6CB2DD5CF075}.Debug|Any CPU.Build.0 = Debug|Any CPU
		{EE72FDD8-E24C-4456-AADB-6CB2DD5CF075}.Debug|ARM.ActiveCfg = Debug|Any CPU
		{EE72FDD8-E24C-4456-AADB-6CB2DD5CF075}.Debug|ARM.Build.0 = Debug|Any CPU
		{EE72FDD8-E24C-4456-AADB-6CB2DD5CF075}.Debug|ARM64.ActiveCfg = Debug|Any CPU
		{EE72FDD8-E24C-4456-AADB-6CB2DD5CF075}.Debug|ARM64.Build.0 = Debug|Any CPU
		{EE72FDD8-E24C-4456-AADB-6CB2DD5CF075}.Debug|x64.ActiveCfg = Debug|Any CPU
		{EE72FDD8-E24C-4456-AADB-6CB2DD5CF075}.Debug|x64.Build.0 = Debug|Any CPU
		{EE72FDD8-E24C-4456-AADB-6CB2DD5CF075}.Debug|x86.ActiveCfg = Debug|Any CPU
		{EE72FDD8-E24C-4456-AADB-6CB2DD5CF075}.Debug|x86.Build.0 = Debug|Any CPU
		{EE72FDD8-E24C-4456-AADB-6CB2DD5CF075}.Release|Any CPU.ActiveCfg = Release|Any CPU
		{EE72FDD8-E24C-4456-AADB-6CB2DD5CF075}.Release|Any CPU.Build.0 = Release|Any CPU
		{EE72FDD8-E24C-4456-AADB-6CB2DD5CF075}.Release|ARM.ActiveCfg = Release|Any CPU
		{EE72FDD8-E24C-4456-AADB-6CB2DD5CF075}.Release|ARM.Build.0 = Release|Any CPU
		{EE72FDD8-E24C-4456-AADB-6CB2DD5CF075}.Release|ARM64.ActiveCfg = Release|Any CPU
		{EE72FDD8-E24C-4456-AADB-6CB2DD5CF075}.Release|ARM64.Build.0 = Release|Any CPU
		{EE72FDD8-E24C-4456-AADB-6CB2DD5CF075}.Release|x64.ActiveCfg = Release|Any CPU
		{EE72FDD8-E24C-4456-AADB-6CB2DD5CF075}.Release|x64.Build.0 = Release|Any CPU
		{EE72FDD8-E24C-4456-AADB-6CB2DD5CF075}.Release|x86.ActiveCfg = Release|Any CPU
		{EE72FDD8-E24C-4456-AADB-6CB2DD5CF075}.Release|x86.Build.0 = Release|Any CPU
		{79A15F57-30A1-40E4-B882-B4A9D6D346D6}.Debug|Any CPU.ActiveCfg = Debug|Any CPU
		{79A15F57-30A1-40E4-B882-B4A9D6D346D6}.Debug|Any CPU.Build.0 = Debug|Any CPU
		{79A15F57-30A1-40E4-B882-B4A9D6D346D6}.Debug|ARM.ActiveCfg = Debug|Any CPU
		{79A15F57-30A1-40E4-B882-B4A9D6D346D6}.Debug|ARM.Build.0 = Debug|Any CPU
		{79A15F57-30A1-40E4-B882-B4A9D6D346D6}.Debug|ARM64.ActiveCfg = Debug|Any CPU
		{79A15F57-30A1-40E4-B882-B4A9D6D346D6}.Debug|ARM64.Build.0 = Debug|Any CPU
		{79A15F57-30A1-40E4-B882-B4A9D6D346D6}.Debug|x64.ActiveCfg = Debug|Any CPU
		{79A15F57-30A1-40E4-B882-B4A9D6D346D6}.Debug|x64.Build.0 = Debug|Any CPU
		{79A15F57-30A1-40E4-B882-B4A9D6D346D6}.Debug|x86.ActiveCfg = Debug|Any CPU
		{79A15F57-30A1-40E4-B882-B4A9D6D346D6}.Debug|x86.Build.0 = Debug|Any CPU
		{79A15F57-30A1-40E4-B882-B4A9D6D346D6}.Release|Any CPU.ActiveCfg = Release|Any CPU
		{79A15F57-30A1-40E4-B882-B4A9D6D346D6}.Release|Any CPU.Build.0 = Release|Any CPU
		{79A15F57-30A1-40E4-B882-B4A9D6D346D6}.Release|ARM.ActiveCfg = Release|Any CPU
		{79A15F57-30A1-40E4-B882-B4A9D6D346D6}.Release|ARM.Build.0 = Release|Any CPU
		{79A15F57-30A1-40E4-B882-B4A9D6D346D6}.Release|ARM64.ActiveCfg = Release|Any CPU
		{79A15F57-30A1-40E4-B882-B4A9D6D346D6}.Release|ARM64.Build.0 = Release|Any CPU
		{79A15F57-30A1-40E4-B882-B4A9D6D346D6}.Release|x64.ActiveCfg = Release|Any CPU
		{79A15F57-30A1-40E4-B882-B4A9D6D346D6}.Release|x64.Build.0 = Release|Any CPU
		{79A15F57-30A1-40E4-B882-B4A9D6D346D6}.Release|x86.ActiveCfg = Release|Any CPU
		{79A15F57-30A1-40E4-B882-B4A9D6D346D6}.Release|x86.Build.0 = Release|Any CPU
		{E1C4FD52-A7F0-45CE-8B7D-13AADB6163EB}.Debug|Any CPU.ActiveCfg = Debug|Any CPU
		{E1C4FD52-A7F0-45CE-8B7D-13AADB6163EB}.Debug|Any CPU.Build.0 = Debug|Any CPU
		{E1C4FD52-A7F0-45CE-8B7D-13AADB6163EB}.Debug|ARM.ActiveCfg = Debug|Any CPU
		{E1C4FD52-A7F0-45CE-8B7D-13AADB6163EB}.Debug|ARM.Build.0 = Debug|Any CPU
		{E1C4FD52-A7F0-45CE-8B7D-13AADB6163EB}.Debug|ARM64.ActiveCfg = Debug|Any CPU
		{E1C4FD52-A7F0-45CE-8B7D-13AADB6163EB}.Debug|ARM64.Build.0 = Debug|Any CPU
		{E1C4FD52-A7F0-45CE-8B7D-13AADB6163EB}.Debug|x64.ActiveCfg = Debug|Any CPU
		{E1C4FD52-A7F0-45CE-8B7D-13AADB6163EB}.Debug|x64.Build.0 = Debug|Any CPU
		{E1C4FD52-A7F0-45CE-8B7D-13AADB6163EB}.Debug|x86.ActiveCfg = Debug|Any CPU
		{E1C4FD52-A7F0-45CE-8B7D-13AADB6163EB}.Debug|x86.Build.0 = Debug|Any CPU
		{E1C4FD52-A7F0-45CE-8B7D-13AADB6163EB}.Release|Any CPU.ActiveCfg = Release|Any CPU
		{E1C4FD52-A7F0-45CE-8B7D-13AADB6163EB}.Release|Any CPU.Build.0 = Release|Any CPU
		{E1C4FD52-A7F0-45CE-8B7D-13AADB6163EB}.Release|ARM.ActiveCfg = Release|Any CPU
		{E1C4FD52-A7F0-45CE-8B7D-13AADB6163EB}.Release|ARM.Build.0 = Release|Any CPU
		{E1C4FD52-A7F0-45CE-8B7D-13AADB6163EB}.Release|ARM64.ActiveCfg = Release|Any CPU
		{E1C4FD52-A7F0-45CE-8B7D-13AADB6163EB}.Release|ARM64.Build.0 = Release|Any CPU
		{E1C4FD52-A7F0-45CE-8B7D-13AADB6163EB}.Release|x64.ActiveCfg = Release|Any CPU
		{E1C4FD52-A7F0-45CE-8B7D-13AADB6163EB}.Release|x64.Build.0 = Release|Any CPU
		{E1C4FD52-A7F0-45CE-8B7D-13AADB6163EB}.Release|x86.ActiveCfg = Release|Any CPU
		{E1C4FD52-A7F0-45CE-8B7D-13AADB6163EB}.Release|x86.Build.0 = Release|Any CPU
		{ECD95386-15B6-45DF-AE9C-C2C1A5773295}.Debug|Any CPU.ActiveCfg = Debug|Any CPU
		{ECD95386-15B6-45DF-AE9C-C2C1A5773295}.Debug|Any CPU.Build.0 = Debug|Any CPU
		{ECD95386-15B6-45DF-AE9C-C2C1A5773295}.Debug|ARM.ActiveCfg = Debug|Any CPU
		{ECD95386-15B6-45DF-AE9C-C2C1A5773295}.Debug|ARM.Build.0 = Debug|Any CPU
		{ECD95386-15B6-45DF-AE9C-C2C1A5773295}.Debug|ARM64.ActiveCfg = Debug|Any CPU
		{ECD95386-15B6-45DF-AE9C-C2C1A5773295}.Debug|ARM64.Build.0 = Debug|Any CPU
		{ECD95386-15B6-45DF-AE9C-C2C1A5773295}.Debug|x64.ActiveCfg = Debug|Any CPU
		{ECD95386-15B6-45DF-AE9C-C2C1A5773295}.Debug|x64.Build.0 = Debug|Any CPU
		{ECD95386-15B6-45DF-AE9C-C2C1A5773295}.Debug|x86.ActiveCfg = Debug|Any CPU
		{ECD95386-15B6-45DF-AE9C-C2C1A5773295}.Debug|x86.Build.0 = Debug|Any CPU
		{ECD95386-15B6-45DF-AE9C-C2C1A5773295}.Release|Any CPU.ActiveCfg = Release|Any CPU
		{ECD95386-15B6-45DF-AE9C-C2C1A5773295}.Release|Any CPU.Build.0 = Release|Any CPU
		{ECD95386-15B6-45DF-AE9C-C2C1A5773295}.Release|ARM.ActiveCfg = Release|Any CPU
		{ECD95386-15B6-45DF-AE9C-C2C1A5773295}.Release|ARM.Build.0 = Release|Any CPU
		{ECD95386-15B6-45DF-AE9C-C2C1A5773295}.Release|ARM64.ActiveCfg = Release|Any CPU
		{ECD95386-15B6-45DF-AE9C-C2C1A5773295}.Release|ARM64.Build.0 = Release|Any CPU
		{ECD95386-15B6-45DF-AE9C-C2C1A5773295}.Release|x64.ActiveCfg = Release|Any CPU
		{ECD95386-15B6-45DF-AE9C-C2C1A5773295}.Release|x64.Build.0 = Release|Any CPU
		{ECD95386-15B6-45DF-AE9C-C2C1A5773295}.Release|x86.ActiveCfg = Release|Any CPU
		{ECD95386-15B6-45DF-AE9C-C2C1A5773295}.Release|x86.Build.0 = Release|Any CPU
		{B0900227-BC2B-4C5B-A935-B7D9AC0D190B}.Debug|Any CPU.ActiveCfg = Debug|Any CPU
		{B0900227-BC2B-4C5B-A935-B7D9AC0D190B}.Debug|Any CPU.Build.0 = Debug|Any CPU
		{B0900227-BC2B-4C5B-A935-B7D9AC0D190B}.Debug|ARM.ActiveCfg = Debug|Any CPU
		{B0900227-BC2B-4C5B-A935-B7D9AC0D190B}.Debug|ARM.Build.0 = Debug|Any CPU
		{B0900227-BC2B-4C5B-A935-B7D9AC0D190B}.Debug|ARM64.ActiveCfg = Debug|Any CPU
		{B0900227-BC2B-4C5B-A935-B7D9AC0D190B}.Debug|ARM64.Build.0 = Debug|Any CPU
		{B0900227-BC2B-4C5B-A935-B7D9AC0D190B}.Debug|x64.ActiveCfg = Debug|Any CPU
		{B0900227-BC2B-4C5B-A935-B7D9AC0D190B}.Debug|x64.Build.0 = Debug|Any CPU
		{B0900227-BC2B-4C5B-A935-B7D9AC0D190B}.Debug|x86.ActiveCfg = Debug|Any CPU
		{B0900227-BC2B-4C5B-A935-B7D9AC0D190B}.Debug|x86.Build.0 = Debug|Any CPU
		{B0900227-BC2B-4C5B-A935-B7D9AC0D190B}.Release|Any CPU.ActiveCfg = Release|Any CPU
		{B0900227-BC2B-4C5B-A935-B7D9AC0D190B}.Release|Any CPU.Build.0 = Release|Any CPU
		{B0900227-BC2B-4C5B-A935-B7D9AC0D190B}.Release|ARM.ActiveCfg = Release|Any CPU
		{B0900227-BC2B-4C5B-A935-B7D9AC0D190B}.Release|ARM.Build.0 = Release|Any CPU
		{B0900227-BC2B-4C5B-A935-B7D9AC0D190B}.Release|ARM64.ActiveCfg = Release|Any CPU
		{B0900227-BC2B-4C5B-A935-B7D9AC0D190B}.Release|ARM64.Build.0 = Release|Any CPU
		{B0900227-BC2B-4C5B-A935-B7D9AC0D190B}.Release|x64.ActiveCfg = Release|Any CPU
		{B0900227-BC2B-4C5B-A935-B7D9AC0D190B}.Release|x64.Build.0 = Release|Any CPU
		{B0900227-BC2B-4C5B-A935-B7D9AC0D190B}.Release|x86.ActiveCfg = Release|Any CPU
		{B0900227-BC2B-4C5B-A935-B7D9AC0D190B}.Release|x86.Build.0 = Release|Any CPU
		{5AA12AF7-04E9-482D-BDA3-B77FDBD82116}.Debug|Any CPU.ActiveCfg = Debug|Any CPU
		{5AA12AF7-04E9-482D-BDA3-B77FDBD82116}.Debug|Any CPU.Build.0 = Debug|Any CPU
		{5AA12AF7-04E9-482D-BDA3-B77FDBD82116}.Debug|ARM.ActiveCfg = Debug|Any CPU
		{5AA12AF7-04E9-482D-BDA3-B77FDBD82116}.Debug|ARM.Build.0 = Debug|Any CPU
		{5AA12AF7-04E9-482D-BDA3-B77FDBD82116}.Debug|ARM64.ActiveCfg = Debug|Any CPU
		{5AA12AF7-04E9-482D-BDA3-B77FDBD82116}.Debug|ARM64.Build.0 = Debug|Any CPU
		{5AA12AF7-04E9-482D-BDA3-B77FDBD82116}.Debug|x64.ActiveCfg = Debug|Any CPU
		{5AA12AF7-04E9-482D-BDA3-B77FDBD82116}.Debug|x64.Build.0 = Debug|Any CPU
		{5AA12AF7-04E9-482D-BDA3-B77FDBD82116}.Debug|x86.ActiveCfg = Debug|Any CPU
		{5AA12AF7-04E9-482D-BDA3-B77FDBD82116}.Debug|x86.Build.0 = Debug|Any CPU
		{5AA12AF7-04E9-482D-BDA3-B77FDBD82116}.Release|Any CPU.ActiveCfg = Release|Any CPU
		{5AA12AF7-04E9-482D-BDA3-B77FDBD82116}.Release|Any CPU.Build.0 = Release|Any CPU
		{5AA12AF7-04E9-482D-BDA3-B77FDBD82116}.Release|ARM.ActiveCfg = Release|Any CPU
		{5AA12AF7-04E9-482D-BDA3-B77FDBD82116}.Release|ARM.Build.0 = Release|Any CPU
		{5AA12AF7-04E9-482D-BDA3-B77FDBD82116}.Release|ARM64.ActiveCfg = Release|Any CPU
		{5AA12AF7-04E9-482D-BDA3-B77FDBD82116}.Release|ARM64.Build.0 = Release|Any CPU
		{5AA12AF7-04E9-482D-BDA3-B77FDBD82116}.Release|x64.ActiveCfg = Release|Any CPU
		{5AA12AF7-04E9-482D-BDA3-B77FDBD82116}.Release|x64.Build.0 = Release|Any CPU
		{5AA12AF7-04E9-482D-BDA3-B77FDBD82116}.Release|x86.ActiveCfg = Release|Any CPU
		{5AA12AF7-04E9-482D-BDA3-B77FDBD82116}.Release|x86.Build.0 = Release|Any CPU
		{1936338B-0E03-4B82-A44D-D33FA6B7D7E3}.Debug|Any CPU.ActiveCfg = Debug|Any CPU
		{1936338B-0E03-4B82-A44D-D33FA6B7D7E3}.Debug|Any CPU.Build.0 = Debug|Any CPU
		{1936338B-0E03-4B82-A44D-D33FA6B7D7E3}.Debug|ARM.ActiveCfg = Debug|Any CPU
		{1936338B-0E03-4B82-A44D-D33FA6B7D7E3}.Debug|ARM.Build.0 = Debug|Any CPU
		{1936338B-0E03-4B82-A44D-D33FA6B7D7E3}.Debug|ARM64.ActiveCfg = Debug|Any CPU
		{1936338B-0E03-4B82-A44D-D33FA6B7D7E3}.Debug|ARM64.Build.0 = Debug|Any CPU
		{1936338B-0E03-4B82-A44D-D33FA6B7D7E3}.Debug|x64.ActiveCfg = Debug|Any CPU
		{1936338B-0E03-4B82-A44D-D33FA6B7D7E3}.Debug|x64.Build.0 = Debug|Any CPU
		{1936338B-0E03-4B82-A44D-D33FA6B7D7E3}.Debug|x86.ActiveCfg = Debug|Any CPU
		{1936338B-0E03-4B82-A44D-D33FA6B7D7E3}.Debug|x86.Build.0 = Debug|Any CPU
		{1936338B-0E03-4B82-A44D-D33FA6B7D7E3}.Release|Any CPU.ActiveCfg = Release|Any CPU
		{1936338B-0E03-4B82-A44D-D33FA6B7D7E3}.Release|Any CPU.Build.0 = Release|Any CPU
		{1936338B-0E03-4B82-A44D-D33FA6B7D7E3}.Release|ARM.ActiveCfg = Release|Any CPU
		{1936338B-0E03-4B82-A44D-D33FA6B7D7E3}.Release|ARM.Build.0 = Release|Any CPU
		{1936338B-0E03-4B82-A44D-D33FA6B7D7E3}.Release|ARM64.ActiveCfg = Release|Any CPU
		{1936338B-0E03-4B82-A44D-D33FA6B7D7E3}.Release|ARM64.Build.0 = Release|Any CPU
		{1936338B-0E03-4B82-A44D-D33FA6B7D7E3}.Release|x64.ActiveCfg = Release|Any CPU
		{1936338B-0E03-4B82-A44D-D33FA6B7D7E3}.Release|x64.Build.0 = Release|Any CPU
		{1936338B-0E03-4B82-A44D-D33FA6B7D7E3}.Release|x86.ActiveCfg = Release|Any CPU
		{1936338B-0E03-4B82-A44D-D33FA6B7D7E3}.Release|x86.Build.0 = Release|Any CPU
		{60A00A0D-B9CD-463F-BF0F-1580F1C2DD78}.Debug|Any CPU.ActiveCfg = Debug|Any CPU
		{60A00A0D-B9CD-463F-BF0F-1580F1C2DD78}.Debug|Any CPU.Build.0 = Debug|Any CPU
		{60A00A0D-B9CD-463F-BF0F-1580F1C2DD78}.Debug|ARM.ActiveCfg = Debug|Any CPU
		{60A00A0D-B9CD-463F-BF0F-1580F1C2DD78}.Debug|ARM.Build.0 = Debug|Any CPU
		{60A00A0D-B9CD-463F-BF0F-1580F1C2DD78}.Debug|ARM64.ActiveCfg = Debug|Any CPU
		{60A00A0D-B9CD-463F-BF0F-1580F1C2DD78}.Debug|ARM64.Build.0 = Debug|Any CPU
		{60A00A0D-B9CD-463F-BF0F-1580F1C2DD78}.Debug|x64.ActiveCfg = Debug|Any CPU
		{60A00A0D-B9CD-463F-BF0F-1580F1C2DD78}.Debug|x64.Build.0 = Debug|Any CPU
		{60A00A0D-B9CD-463F-BF0F-1580F1C2DD78}.Debug|x86.ActiveCfg = Debug|Any CPU
		{60A00A0D-B9CD-463F-BF0F-1580F1C2DD78}.Debug|x86.Build.0 = Debug|Any CPU
		{60A00A0D-B9CD-463F-BF0F-1580F1C2DD78}.Release|Any CPU.ActiveCfg = Release|Any CPU
		{60A00A0D-B9CD-463F-BF0F-1580F1C2DD78}.Release|Any CPU.Build.0 = Release|Any CPU
		{60A00A0D-B9CD-463F-BF0F-1580F1C2DD78}.Release|ARM.ActiveCfg = Release|Any CPU
		{60A00A0D-B9CD-463F-BF0F-1580F1C2DD78}.Release|ARM.Build.0 = Release|Any CPU
		{60A00A0D-B9CD-463F-BF0F-1580F1C2DD78}.Release|ARM64.ActiveCfg = Release|Any CPU
		{60A00A0D-B9CD-463F-BF0F-1580F1C2DD78}.Release|ARM64.Build.0 = Release|Any CPU
		{60A00A0D-B9CD-463F-BF0F-1580F1C2DD78}.Release|x64.ActiveCfg = Release|Any CPU
		{60A00A0D-B9CD-463F-BF0F-1580F1C2DD78}.Release|x64.Build.0 = Release|Any CPU
		{60A00A0D-B9CD-463F-BF0F-1580F1C2DD78}.Release|x86.ActiveCfg = Release|Any CPU
		{60A00A0D-B9CD-463F-BF0F-1580F1C2DD78}.Release|x86.Build.0 = Release|Any CPU
		{057C2C1B-6F54-4096-8216-C6C0B40067EE}.Debug|Any CPU.ActiveCfg = Debug|Any CPU
		{057C2C1B-6F54-4096-8216-C6C0B40067EE}.Debug|Any CPU.Build.0 = Debug|Any CPU
		{057C2C1B-6F54-4096-8216-C6C0B40067EE}.Debug|ARM.ActiveCfg = Debug|Any CPU
		{057C2C1B-6F54-4096-8216-C6C0B40067EE}.Debug|ARM.Build.0 = Debug|Any CPU
		{057C2C1B-6F54-4096-8216-C6C0B40067EE}.Debug|ARM64.ActiveCfg = Debug|Any CPU
		{057C2C1B-6F54-4096-8216-C6C0B40067EE}.Debug|ARM64.Build.0 = Debug|Any CPU
		{057C2C1B-6F54-4096-8216-C6C0B40067EE}.Debug|x64.ActiveCfg = Debug|Any CPU
		{057C2C1B-6F54-4096-8216-C6C0B40067EE}.Debug|x64.Build.0 = Debug|Any CPU
		{057C2C1B-6F54-4096-8216-C6C0B40067EE}.Debug|x86.ActiveCfg = Debug|Any CPU
		{057C2C1B-6F54-4096-8216-C6C0B40067EE}.Debug|x86.Build.0 = Debug|Any CPU
		{057C2C1B-6F54-4096-8216-C6C0B40067EE}.Release|Any CPU.ActiveCfg = Release|Any CPU
		{057C2C1B-6F54-4096-8216-C6C0B40067EE}.Release|Any CPU.Build.0 = Release|Any CPU
		{057C2C1B-6F54-4096-8216-C6C0B40067EE}.Release|ARM.ActiveCfg = Release|Any CPU
		{057C2C1B-6F54-4096-8216-C6C0B40067EE}.Release|ARM.Build.0 = Release|Any CPU
		{057C2C1B-6F54-4096-8216-C6C0B40067EE}.Release|ARM64.ActiveCfg = Release|Any CPU
		{057C2C1B-6F54-4096-8216-C6C0B40067EE}.Release|ARM64.Build.0 = Release|Any CPU
		{057C2C1B-6F54-4096-8216-C6C0B40067EE}.Release|x64.ActiveCfg = Release|Any CPU
		{057C2C1B-6F54-4096-8216-C6C0B40067EE}.Release|x64.Build.0 = Release|Any CPU
		{057C2C1B-6F54-4096-8216-C6C0B40067EE}.Release|x86.ActiveCfg = Release|Any CPU
		{057C2C1B-6F54-4096-8216-C6C0B40067EE}.Release|x86.Build.0 = Release|Any CPU
		{FAAACB50-4DFE-41A2-88C9-14CAEB166797}.Debug|Any CPU.ActiveCfg = Debug|Any CPU
		{FAAACB50-4DFE-41A2-88C9-14CAEB166797}.Debug|Any CPU.Build.0 = Debug|Any CPU
		{FAAACB50-4DFE-41A2-88C9-14CAEB166797}.Debug|ARM.ActiveCfg = Debug|Any CPU
		{FAAACB50-4DFE-41A2-88C9-14CAEB166797}.Debug|ARM.Build.0 = Debug|Any CPU
		{FAAACB50-4DFE-41A2-88C9-14CAEB166797}.Debug|ARM64.ActiveCfg = Debug|Any CPU
		{FAAACB50-4DFE-41A2-88C9-14CAEB166797}.Debug|ARM64.Build.0 = Debug|Any CPU
		{FAAACB50-4DFE-41A2-88C9-14CAEB166797}.Debug|x64.ActiveCfg = Debug|Any CPU
		{FAAACB50-4DFE-41A2-88C9-14CAEB166797}.Debug|x64.Build.0 = Debug|Any CPU
		{FAAACB50-4DFE-41A2-88C9-14CAEB166797}.Debug|x86.ActiveCfg = Debug|Any CPU
		{FAAACB50-4DFE-41A2-88C9-14CAEB166797}.Debug|x86.Build.0 = Debug|Any CPU
		{FAAACB50-4DFE-41A2-88C9-14CAEB166797}.Release|Any CPU.ActiveCfg = Release|Any CPU
		{FAAACB50-4DFE-41A2-88C9-14CAEB166797}.Release|Any CPU.Build.0 = Release|Any CPU
		{FAAACB50-4DFE-41A2-88C9-14CAEB166797}.Release|ARM.ActiveCfg = Release|Any CPU
		{FAAACB50-4DFE-41A2-88C9-14CAEB166797}.Release|ARM.Build.0 = Release|Any CPU
		{FAAACB50-4DFE-41A2-88C9-14CAEB166797}.Release|ARM64.ActiveCfg = Release|Any CPU
		{FAAACB50-4DFE-41A2-88C9-14CAEB166797}.Release|ARM64.Build.0 = Release|Any CPU
		{FAAACB50-4DFE-41A2-88C9-14CAEB166797}.Release|x64.ActiveCfg = Release|Any CPU
		{FAAACB50-4DFE-41A2-88C9-14CAEB166797}.Release|x64.Build.0 = Release|Any CPU
		{FAAACB50-4DFE-41A2-88C9-14CAEB166797}.Release|x86.ActiveCfg = Release|Any CPU
		{FAAACB50-4DFE-41A2-88C9-14CAEB166797}.Release|x86.Build.0 = Release|Any CPU
		{01CD0B68-4EA9-4B03-83C7-32800A8765FD}.Debug|Any CPU.ActiveCfg = Debug|Any CPU
		{01CD0B68-4EA9-4B03-83C7-32800A8765FD}.Debug|Any CPU.Build.0 = Debug|Any CPU
		{01CD0B68-4EA9-4B03-83C7-32800A8765FD}.Debug|ARM.ActiveCfg = Debug|Any CPU
		{01CD0B68-4EA9-4B03-83C7-32800A8765FD}.Debug|ARM.Build.0 = Debug|Any CPU
		{01CD0B68-4EA9-4B03-83C7-32800A8765FD}.Debug|ARM64.ActiveCfg = Debug|Any CPU
		{01CD0B68-4EA9-4B03-83C7-32800A8765FD}.Debug|ARM64.Build.0 = Debug|Any CPU
		{01CD0B68-4EA9-4B03-83C7-32800A8765FD}.Debug|x64.ActiveCfg = Debug|Any CPU
		{01CD0B68-4EA9-4B03-83C7-32800A8765FD}.Debug|x64.Build.0 = Debug|Any CPU
		{01CD0B68-4EA9-4B03-83C7-32800A8765FD}.Debug|x86.ActiveCfg = Debug|Any CPU
		{01CD0B68-4EA9-4B03-83C7-32800A8765FD}.Debug|x86.Build.0 = Debug|Any CPU
		{01CD0B68-4EA9-4B03-83C7-32800A8765FD}.Release|Any CPU.ActiveCfg = Release|Any CPU
		{01CD0B68-4EA9-4B03-83C7-32800A8765FD}.Release|Any CPU.Build.0 = Release|Any CPU
		{01CD0B68-4EA9-4B03-83C7-32800A8765FD}.Release|ARM.ActiveCfg = Release|Any CPU
		{01CD0B68-4EA9-4B03-83C7-32800A8765FD}.Release|ARM.Build.0 = Release|Any CPU
		{01CD0B68-4EA9-4B03-83C7-32800A8765FD}.Release|ARM64.ActiveCfg = Release|Any CPU
		{01CD0B68-4EA9-4B03-83C7-32800A8765FD}.Release|ARM64.Build.0 = Release|Any CPU
		{01CD0B68-4EA9-4B03-83C7-32800A8765FD}.Release|x64.ActiveCfg = Release|Any CPU
		{01CD0B68-4EA9-4B03-83C7-32800A8765FD}.Release|x64.Build.0 = Release|Any CPU
		{01CD0B68-4EA9-4B03-83C7-32800A8765FD}.Release|x86.ActiveCfg = Release|Any CPU
		{01CD0B68-4EA9-4B03-83C7-32800A8765FD}.Release|x86.Build.0 = Release|Any CPU
		{F13AB4B0-757A-42AF-83BD-9F49B4C17A98}.Debug|Any CPU.ActiveCfg = Debug|Any CPU
		{F13AB4B0-757A-42AF-83BD-9F49B4C17A98}.Debug|Any CPU.Build.0 = Debug|Any CPU
		{F13AB4B0-757A-42AF-83BD-9F49B4C17A98}.Debug|ARM.ActiveCfg = Debug|Any CPU
		{F13AB4B0-757A-42AF-83BD-9F49B4C17A98}.Debug|ARM.Build.0 = Debug|Any CPU
		{F13AB4B0-757A-42AF-83BD-9F49B4C17A98}.Debug|ARM64.ActiveCfg = Debug|Any CPU
		{F13AB4B0-757A-42AF-83BD-9F49B4C17A98}.Debug|ARM64.Build.0 = Debug|Any CPU
		{F13AB4B0-757A-42AF-83BD-9F49B4C17A98}.Debug|x64.ActiveCfg = Debug|Any CPU
		{F13AB4B0-757A-42AF-83BD-9F49B4C17A98}.Debug|x64.Build.0 = Debug|Any CPU
		{F13AB4B0-757A-42AF-83BD-9F49B4C17A98}.Debug|x86.ActiveCfg = Debug|Any CPU
		{F13AB4B0-757A-42AF-83BD-9F49B4C17A98}.Debug|x86.Build.0 = Debug|Any CPU
		{F13AB4B0-757A-42AF-83BD-9F49B4C17A98}.Release|Any CPU.ActiveCfg = Release|Any CPU
		{F13AB4B0-757A-42AF-83BD-9F49B4C17A98}.Release|Any CPU.Build.0 = Release|Any CPU
		{F13AB4B0-757A-42AF-83BD-9F49B4C17A98}.Release|ARM.ActiveCfg = Release|Any CPU
		{F13AB4B0-757A-42AF-83BD-9F49B4C17A98}.Release|ARM.Build.0 = Release|Any CPU
		{F13AB4B0-757A-42AF-83BD-9F49B4C17A98}.Release|ARM64.ActiveCfg = Release|Any CPU
		{F13AB4B0-757A-42AF-83BD-9F49B4C17A98}.Release|ARM64.Build.0 = Release|Any CPU
		{F13AB4B0-757A-42AF-83BD-9F49B4C17A98}.Release|x64.ActiveCfg = Release|Any CPU
		{F13AB4B0-757A-42AF-83BD-9F49B4C17A98}.Release|x64.Build.0 = Release|Any CPU
		{F13AB4B0-757A-42AF-83BD-9F49B4C17A98}.Release|x86.ActiveCfg = Release|Any CPU
		{F13AB4B0-757A-42AF-83BD-9F49B4C17A98}.Release|x86.Build.0 = Release|Any CPU
		{FA344A0F-411B-482E-AB49-8AAA0257502E}.Debug|Any CPU.ActiveCfg = Debug|Any CPU
		{FA344A0F-411B-482E-AB49-8AAA0257502E}.Debug|Any CPU.Build.0 = Debug|Any CPU
		{FA344A0F-411B-482E-AB49-8AAA0257502E}.Debug|ARM.ActiveCfg = Debug|Any CPU
		{FA344A0F-411B-482E-AB49-8AAA0257502E}.Debug|ARM.Build.0 = Debug|Any CPU
		{FA344A0F-411B-482E-AB49-8AAA0257502E}.Debug|ARM64.ActiveCfg = Debug|Any CPU
		{FA344A0F-411B-482E-AB49-8AAA0257502E}.Debug|ARM64.Build.0 = Debug|Any CPU
		{FA344A0F-411B-482E-AB49-8AAA0257502E}.Debug|x64.ActiveCfg = Debug|Any CPU
		{FA344A0F-411B-482E-AB49-8AAA0257502E}.Debug|x64.Build.0 = Debug|Any CPU
		{FA344A0F-411B-482E-AB49-8AAA0257502E}.Debug|x86.ActiveCfg = Debug|Any CPU
		{FA344A0F-411B-482E-AB49-8AAA0257502E}.Debug|x86.Build.0 = Debug|Any CPU
		{FA344A0F-411B-482E-AB49-8AAA0257502E}.Release|Any CPU.ActiveCfg = Release|Any CPU
		{FA344A0F-411B-482E-AB49-8AAA0257502E}.Release|Any CPU.Build.0 = Release|Any CPU
		{FA344A0F-411B-482E-AB49-8AAA0257502E}.Release|ARM.ActiveCfg = Release|Any CPU
		{FA344A0F-411B-482E-AB49-8AAA0257502E}.Release|ARM.Build.0 = Release|Any CPU
		{FA344A0F-411B-482E-AB49-8AAA0257502E}.Release|ARM64.ActiveCfg = Release|Any CPU
		{FA344A0F-411B-482E-AB49-8AAA0257502E}.Release|ARM64.Build.0 = Release|Any CPU
		{FA344A0F-411B-482E-AB49-8AAA0257502E}.Release|x64.ActiveCfg = Release|Any CPU
		{FA344A0F-411B-482E-AB49-8AAA0257502E}.Release|x64.Build.0 = Release|Any CPU
		{FA344A0F-411B-482E-AB49-8AAA0257502E}.Release|x86.ActiveCfg = Release|Any CPU
		{FA344A0F-411B-482E-AB49-8AAA0257502E}.Release|x86.Build.0 = Release|Any CPU
		{A8518C8F-ED3B-4E02-900B-DF438F9FA86E}.Debug|Any CPU.ActiveCfg = Debug|Any CPU
		{A8518C8F-ED3B-4E02-900B-DF438F9FA86E}.Debug|Any CPU.Build.0 = Debug|Any CPU
		{A8518C8F-ED3B-4E02-900B-DF438F9FA86E}.Debug|ARM.ActiveCfg = Debug|Any CPU
		{A8518C8F-ED3B-4E02-900B-DF438F9FA86E}.Debug|ARM.Build.0 = Debug|Any CPU
		{A8518C8F-ED3B-4E02-900B-DF438F9FA86E}.Debug|ARM64.ActiveCfg = Debug|Any CPU
		{A8518C8F-ED3B-4E02-900B-DF438F9FA86E}.Debug|ARM64.Build.0 = Debug|Any CPU
		{A8518C8F-ED3B-4E02-900B-DF438F9FA86E}.Debug|x64.ActiveCfg = Debug|Any CPU
		{A8518C8F-ED3B-4E02-900B-DF438F9FA86E}.Debug|x64.Build.0 = Debug|Any CPU
		{A8518C8F-ED3B-4E02-900B-DF438F9FA86E}.Debug|x86.ActiveCfg = Debug|Any CPU
		{A8518C8F-ED3B-4E02-900B-DF438F9FA86E}.Debug|x86.Build.0 = Debug|Any CPU
		{A8518C8F-ED3B-4E02-900B-DF438F9FA86E}.Release|Any CPU.ActiveCfg = Release|Any CPU
		{A8518C8F-ED3B-4E02-900B-DF438F9FA86E}.Release|Any CPU.Build.0 = Release|Any CPU
		{A8518C8F-ED3B-4E02-900B-DF438F9FA86E}.Release|ARM.ActiveCfg = Release|Any CPU
		{A8518C8F-ED3B-4E02-900B-DF438F9FA86E}.Release|ARM.Build.0 = Release|Any CPU
		{A8518C8F-ED3B-4E02-900B-DF438F9FA86E}.Release|ARM64.ActiveCfg = Release|Any CPU
		{A8518C8F-ED3B-4E02-900B-DF438F9FA86E}.Release|ARM64.Build.0 = Release|Any CPU
		{A8518C8F-ED3B-4E02-900B-DF438F9FA86E}.Release|x64.ActiveCfg = Release|Any CPU
		{A8518C8F-ED3B-4E02-900B-DF438F9FA86E}.Release|x64.Build.0 = Release|Any CPU
		{A8518C8F-ED3B-4E02-900B-DF438F9FA86E}.Release|x86.ActiveCfg = Release|Any CPU
		{A8518C8F-ED3B-4E02-900B-DF438F9FA86E}.Release|x86.Build.0 = Release|Any CPU
		{104DD890-AFF3-43A0-8A3D-0297A0BA17E6}.Debug|Any CPU.ActiveCfg = Debug|Any CPU
		{104DD890-AFF3-43A0-8A3D-0297A0BA17E6}.Debug|Any CPU.Build.0 = Debug|Any CPU
		{104DD890-AFF3-43A0-8A3D-0297A0BA17E6}.Debug|ARM.ActiveCfg = Debug|Any CPU
		{104DD890-AFF3-43A0-8A3D-0297A0BA17E6}.Debug|ARM.Build.0 = Debug|Any CPU
		{104DD890-AFF3-43A0-8A3D-0297A0BA17E6}.Debug|ARM64.ActiveCfg = Debug|Any CPU
		{104DD890-AFF3-43A0-8A3D-0297A0BA17E6}.Debug|ARM64.Build.0 = Debug|Any CPU
		{104DD890-AFF3-43A0-8A3D-0297A0BA17E6}.Debug|x64.ActiveCfg = Debug|Any CPU
		{104DD890-AFF3-43A0-8A3D-0297A0BA17E6}.Debug|x64.Build.0 = Debug|Any CPU
		{104DD890-AFF3-43A0-8A3D-0297A0BA17E6}.Debug|x86.ActiveCfg = Debug|Any CPU
		{104DD890-AFF3-43A0-8A3D-0297A0BA17E6}.Debug|x86.Build.0 = Debug|Any CPU
		{104DD890-AFF3-43A0-8A3D-0297A0BA17E6}.Release|Any CPU.ActiveCfg = Release|Any CPU
		{104DD890-AFF3-43A0-8A3D-0297A0BA17E6}.Release|Any CPU.Build.0 = Release|Any CPU
		{104DD890-AFF3-43A0-8A3D-0297A0BA17E6}.Release|ARM.ActiveCfg = Release|Any CPU
		{104DD890-AFF3-43A0-8A3D-0297A0BA17E6}.Release|ARM.Build.0 = Release|Any CPU
		{104DD890-AFF3-43A0-8A3D-0297A0BA17E6}.Release|ARM64.ActiveCfg = Release|Any CPU
		{104DD890-AFF3-43A0-8A3D-0297A0BA17E6}.Release|ARM64.Build.0 = Release|Any CPU
		{104DD890-AFF3-43A0-8A3D-0297A0BA17E6}.Release|x64.ActiveCfg = Release|Any CPU
		{104DD890-AFF3-43A0-8A3D-0297A0BA17E6}.Release|x64.Build.0 = Release|Any CPU
		{104DD890-AFF3-43A0-8A3D-0297A0BA17E6}.Release|x86.ActiveCfg = Release|Any CPU
		{104DD890-AFF3-43A0-8A3D-0297A0BA17E6}.Release|x86.Build.0 = Release|Any CPU
		{3543884C-2E1D-4FAC-B046-BF230894A9CA}.Debug|Any CPU.ActiveCfg = Debug|Any CPU
		{3543884C-2E1D-4FAC-B046-BF230894A9CA}.Debug|Any CPU.Build.0 = Debug|Any CPU
		{3543884C-2E1D-4FAC-B046-BF230894A9CA}.Debug|ARM.ActiveCfg = Debug|Any CPU
		{3543884C-2E1D-4FAC-B046-BF230894A9CA}.Debug|ARM.Build.0 = Debug|Any CPU
		{3543884C-2E1D-4FAC-B046-BF230894A9CA}.Debug|ARM64.ActiveCfg = Debug|Any CPU
		{3543884C-2E1D-4FAC-B046-BF230894A9CA}.Debug|ARM64.Build.0 = Debug|Any CPU
		{3543884C-2E1D-4FAC-B046-BF230894A9CA}.Debug|x64.ActiveCfg = Debug|Any CPU
		{3543884C-2E1D-4FAC-B046-BF230894A9CA}.Debug|x64.Build.0 = Debug|Any CPU
		{3543884C-2E1D-4FAC-B046-BF230894A9CA}.Debug|x86.ActiveCfg = Debug|Any CPU
		{3543884C-2E1D-4FAC-B046-BF230894A9CA}.Debug|x86.Build.0 = Debug|Any CPU
		{3543884C-2E1D-4FAC-B046-BF230894A9CA}.Release|Any CPU.ActiveCfg = Release|Any CPU
		{3543884C-2E1D-4FAC-B046-BF230894A9CA}.Release|Any CPU.Build.0 = Release|Any CPU
		{3543884C-2E1D-4FAC-B046-BF230894A9CA}.Release|ARM.ActiveCfg = Release|Any CPU
		{3543884C-2E1D-4FAC-B046-BF230894A9CA}.Release|ARM.Build.0 = Release|Any CPU
		{3543884C-2E1D-4FAC-B046-BF230894A9CA}.Release|ARM64.ActiveCfg = Release|Any CPU
		{3543884C-2E1D-4FAC-B046-BF230894A9CA}.Release|ARM64.Build.0 = Release|Any CPU
		{3543884C-2E1D-4FAC-B046-BF230894A9CA}.Release|x64.ActiveCfg = Release|Any CPU
		{3543884C-2E1D-4FAC-B046-BF230894A9CA}.Release|x64.Build.0 = Release|Any CPU
		{3543884C-2E1D-4FAC-B046-BF230894A9CA}.Release|x86.ActiveCfg = Release|Any CPU
		{3543884C-2E1D-4FAC-B046-BF230894A9CA}.Release|x86.Build.0 = Release|Any CPU
		{24C97B10-375C-485F-B74F-0F4B5EEF42D2}.Debug|Any CPU.ActiveCfg = Debug|Any CPU
		{24C97B10-375C-485F-B74F-0F4B5EEF42D2}.Debug|Any CPU.Build.0 = Debug|Any CPU
		{24C97B10-375C-485F-B74F-0F4B5EEF42D2}.Debug|ARM.ActiveCfg = Debug|Any CPU
		{24C97B10-375C-485F-B74F-0F4B5EEF42D2}.Debug|ARM.Build.0 = Debug|Any CPU
		{24C97B10-375C-485F-B74F-0F4B5EEF42D2}.Debug|ARM64.ActiveCfg = Debug|Any CPU
		{24C97B10-375C-485F-B74F-0F4B5EEF42D2}.Debug|ARM64.Build.0 = Debug|Any CPU
		{24C97B10-375C-485F-B74F-0F4B5EEF42D2}.Debug|x64.ActiveCfg = Debug|Any CPU
		{24C97B10-375C-485F-B74F-0F4B5EEF42D2}.Debug|x64.Build.0 = Debug|Any CPU
		{24C97B10-375C-485F-B74F-0F4B5EEF42D2}.Debug|x86.ActiveCfg = Debug|Any CPU
		{24C97B10-375C-485F-B74F-0F4B5EEF42D2}.Debug|x86.Build.0 = Debug|Any CPU
		{24C97B10-375C-485F-B74F-0F4B5EEF42D2}.Release|Any CPU.ActiveCfg = Release|Any CPU
		{24C97B10-375C-485F-B74F-0F4B5EEF42D2}.Release|Any CPU.Build.0 = Release|Any CPU
		{24C97B10-375C-485F-B74F-0F4B5EEF42D2}.Release|ARM.ActiveCfg = Release|Any CPU
		{24C97B10-375C-485F-B74F-0F4B5EEF42D2}.Release|ARM.Build.0 = Release|Any CPU
		{24C97B10-375C-485F-B74F-0F4B5EEF42D2}.Release|ARM64.ActiveCfg = Release|Any CPU
		{24C97B10-375C-485F-B74F-0F4B5EEF42D2}.Release|ARM64.Build.0 = Release|Any CPU
		{24C97B10-375C-485F-B74F-0F4B5EEF42D2}.Release|x64.ActiveCfg = Release|Any CPU
		{24C97B10-375C-485F-B74F-0F4B5EEF42D2}.Release|x64.Build.0 = Release|Any CPU
		{24C97B10-375C-485F-B74F-0F4B5EEF42D2}.Release|x86.ActiveCfg = Release|Any CPU
		{24C97B10-375C-485F-B74F-0F4B5EEF42D2}.Release|x86.Build.0 = Release|Any CPU
		{81331EBC-51D7-427E-9F07-A50FAD7B6B41}.Debug|Any CPU.ActiveCfg = Debug|Any CPU
		{81331EBC-51D7-427E-9F07-A50FAD7B6B41}.Debug|Any CPU.Build.0 = Debug|Any CPU
		{81331EBC-51D7-427E-9F07-A50FAD7B6B41}.Debug|ARM.ActiveCfg = Debug|Any CPU
		{81331EBC-51D7-427E-9F07-A50FAD7B6B41}.Debug|ARM64.ActiveCfg = Debug|Any CPU
		{81331EBC-51D7-427E-9F07-A50FAD7B6B41}.Debug|x64.ActiveCfg = Debug|Any CPU
		{81331EBC-51D7-427E-9F07-A50FAD7B6B41}.Debug|x86.ActiveCfg = Debug|Any CPU
		{81331EBC-51D7-427E-9F07-A50FAD7B6B41}.Release|Any CPU.ActiveCfg = Release|Any CPU
		{81331EBC-51D7-427E-9F07-A50FAD7B6B41}.Release|Any CPU.Build.0 = Release|Any CPU
		{81331EBC-51D7-427E-9F07-A50FAD7B6B41}.Release|ARM.ActiveCfg = Release|Any CPU
		{81331EBC-51D7-427E-9F07-A50FAD7B6B41}.Release|ARM64.ActiveCfg = Release|Any CPU
		{81331EBC-51D7-427E-9F07-A50FAD7B6B41}.Release|x64.ActiveCfg = Release|Any CPU
		{81331EBC-51D7-427E-9F07-A50FAD7B6B41}.Release|x86.ActiveCfg = Release|Any CPU
		{45ECDBD3-224A-48BA-8276-E053A8B9E9AB}.Debug|Any CPU.ActiveCfg = Debug|Any CPU
		{45ECDBD3-224A-48BA-8276-E053A8B9E9AB}.Debug|Any CPU.Build.0 = Debug|Any CPU
		{45ECDBD3-224A-48BA-8276-E053A8B9E9AB}.Debug|ARM.ActiveCfg = Debug|Any CPU
		{45ECDBD3-224A-48BA-8276-E053A8B9E9AB}.Debug|ARM.Build.0 = Debug|Any CPU
		{45ECDBD3-224A-48BA-8276-E053A8B9E9AB}.Debug|ARM64.ActiveCfg = Debug|Any CPU
		{45ECDBD3-224A-48BA-8276-E053A8B9E9AB}.Debug|ARM64.Build.0 = Debug|Any CPU
		{45ECDBD3-224A-48BA-8276-E053A8B9E9AB}.Debug|x64.ActiveCfg = Debug|Any CPU
		{45ECDBD3-224A-48BA-8276-E053A8B9E9AB}.Debug|x64.Build.0 = Debug|Any CPU
		{45ECDBD3-224A-48BA-8276-E053A8B9E9AB}.Debug|x86.ActiveCfg = Debug|Any CPU
		{45ECDBD3-224A-48BA-8276-E053A8B9E9AB}.Debug|x86.Build.0 = Debug|Any CPU
		{45ECDBD3-224A-48BA-8276-E053A8B9E9AB}.Release|Any CPU.ActiveCfg = Release|Any CPU
		{45ECDBD3-224A-48BA-8276-E053A8B9E9AB}.Release|Any CPU.Build.0 = Release|Any CPU
		{45ECDBD3-224A-48BA-8276-E053A8B9E9AB}.Release|ARM.ActiveCfg = Release|Any CPU
		{45ECDBD3-224A-48BA-8276-E053A8B9E9AB}.Release|ARM.Build.0 = Release|Any CPU
		{45ECDBD3-224A-48BA-8276-E053A8B9E9AB}.Release|ARM64.ActiveCfg = Release|Any CPU
		{45ECDBD3-224A-48BA-8276-E053A8B9E9AB}.Release|ARM64.Build.0 = Release|Any CPU
		{45ECDBD3-224A-48BA-8276-E053A8B9E9AB}.Release|x64.ActiveCfg = Release|Any CPU
		{45ECDBD3-224A-48BA-8276-E053A8B9E9AB}.Release|x64.Build.0 = Release|Any CPU
		{45ECDBD3-224A-48BA-8276-E053A8B9E9AB}.Release|x86.ActiveCfg = Release|Any CPU
		{45ECDBD3-224A-48BA-8276-E053A8B9E9AB}.Release|x86.Build.0 = Release|Any CPU
		{A9A260BD-EFAD-450E-9AD2-907C699D97D1}.Debug|Any CPU.ActiveCfg = Debug|Any CPU
		{A9A260BD-EFAD-450E-9AD2-907C699D97D1}.Debug|Any CPU.Build.0 = Debug|Any CPU
		{A9A260BD-EFAD-450E-9AD2-907C699D97D1}.Debug|ARM.ActiveCfg = Debug|Any CPU
		{A9A260BD-EFAD-450E-9AD2-907C699D97D1}.Debug|ARM.Build.0 = Debug|Any CPU
		{A9A260BD-EFAD-450E-9AD2-907C699D97D1}.Debug|ARM64.ActiveCfg = Debug|Any CPU
		{A9A260BD-EFAD-450E-9AD2-907C699D97D1}.Debug|ARM64.Build.0 = Debug|Any CPU
		{A9A260BD-EFAD-450E-9AD2-907C699D97D1}.Debug|x64.ActiveCfg = Debug|Any CPU
		{A9A260BD-EFAD-450E-9AD2-907C699D97D1}.Debug|x64.Build.0 = Debug|Any CPU
		{A9A260BD-EFAD-450E-9AD2-907C699D97D1}.Debug|x86.ActiveCfg = Debug|Any CPU
		{A9A260BD-EFAD-450E-9AD2-907C699D97D1}.Debug|x86.Build.0 = Debug|Any CPU
		{A9A260BD-EFAD-450E-9AD2-907C699D97D1}.Release|Any CPU.ActiveCfg = Release|Any CPU
		{A9A260BD-EFAD-450E-9AD2-907C699D97D1}.Release|Any CPU.Build.0 = Release|Any CPU
		{A9A260BD-EFAD-450E-9AD2-907C699D97D1}.Release|ARM.ActiveCfg = Release|Any CPU
		{A9A260BD-EFAD-450E-9AD2-907C699D97D1}.Release|ARM.Build.0 = Release|Any CPU
		{A9A260BD-EFAD-450E-9AD2-907C699D97D1}.Release|ARM64.ActiveCfg = Release|Any CPU
		{A9A260BD-EFAD-450E-9AD2-907C699D97D1}.Release|ARM64.Build.0 = Release|Any CPU
		{A9A260BD-EFAD-450E-9AD2-907C699D97D1}.Release|x64.ActiveCfg = Release|Any CPU
		{A9A260BD-EFAD-450E-9AD2-907C699D97D1}.Release|x64.Build.0 = Release|Any CPU
		{A9A260BD-EFAD-450E-9AD2-907C699D97D1}.Release|x86.ActiveCfg = Release|Any CPU
		{A9A260BD-EFAD-450E-9AD2-907C699D97D1}.Release|x86.Build.0 = Release|Any CPU
		{96B0CEAF-5F8B-4B3C-9305-26E14E28FB7E}.Debug|Any CPU.ActiveCfg = Debug|Any CPU
		{96B0CEAF-5F8B-4B3C-9305-26E14E28FB7E}.Debug|Any CPU.Build.0 = Debug|Any CPU
		{96B0CEAF-5F8B-4B3C-9305-26E14E28FB7E}.Debug|ARM.ActiveCfg = Debug|Any CPU
		{96B0CEAF-5F8B-4B3C-9305-26E14E28FB7E}.Debug|ARM.Build.0 = Debug|Any CPU
		{96B0CEAF-5F8B-4B3C-9305-26E14E28FB7E}.Debug|ARM64.ActiveCfg = Debug|Any CPU
		{96B0CEAF-5F8B-4B3C-9305-26E14E28FB7E}.Debug|ARM64.Build.0 = Debug|Any CPU
		{96B0CEAF-5F8B-4B3C-9305-26E14E28FB7E}.Debug|x64.ActiveCfg = Debug|Any CPU
		{96B0CEAF-5F8B-4B3C-9305-26E14E28FB7E}.Debug|x64.Build.0 = Debug|Any CPU
		{96B0CEAF-5F8B-4B3C-9305-26E14E28FB7E}.Debug|x86.ActiveCfg = Debug|Any CPU
		{96B0CEAF-5F8B-4B3C-9305-26E14E28FB7E}.Debug|x86.Build.0 = Debug|Any CPU
		{96B0CEAF-5F8B-4B3C-9305-26E14E28FB7E}.Release|Any CPU.ActiveCfg = Release|Any CPU
		{96B0CEAF-5F8B-4B3C-9305-26E14E28FB7E}.Release|Any CPU.Build.0 = Release|Any CPU
		{96B0CEAF-5F8B-4B3C-9305-26E14E28FB7E}.Release|ARM.ActiveCfg = Release|Any CPU
		{96B0CEAF-5F8B-4B3C-9305-26E14E28FB7E}.Release|ARM.Build.0 = Release|Any CPU
		{96B0CEAF-5F8B-4B3C-9305-26E14E28FB7E}.Release|ARM64.ActiveCfg = Release|Any CPU
		{96B0CEAF-5F8B-4B3C-9305-26E14E28FB7E}.Release|ARM64.Build.0 = Release|Any CPU
		{96B0CEAF-5F8B-4B3C-9305-26E14E28FB7E}.Release|x64.ActiveCfg = Release|Any CPU
		{96B0CEAF-5F8B-4B3C-9305-26E14E28FB7E}.Release|x64.Build.0 = Release|Any CPU
		{96B0CEAF-5F8B-4B3C-9305-26E14E28FB7E}.Release|x86.ActiveCfg = Release|Any CPU
		{96B0CEAF-5F8B-4B3C-9305-26E14E28FB7E}.Release|x86.Build.0 = Release|Any CPU
		{5375C963-C362-4EF7-84C3-277FDC22D34D}.Debug|Any CPU.ActiveCfg = Debug|Any CPU
		{5375C963-C362-4EF7-84C3-277FDC22D34D}.Debug|Any CPU.Build.0 = Debug|Any CPU
		{5375C963-C362-4EF7-84C3-277FDC22D34D}.Debug|ARM.ActiveCfg = Debug|Any CPU
		{5375C963-C362-4EF7-84C3-277FDC22D34D}.Debug|ARM.Build.0 = Debug|Any CPU
		{5375C963-C362-4EF7-84C3-277FDC22D34D}.Debug|ARM64.ActiveCfg = Debug|Any CPU
		{5375C963-C362-4EF7-84C3-277FDC22D34D}.Debug|ARM64.Build.0 = Debug|Any CPU
		{5375C963-C362-4EF7-84C3-277FDC22D34D}.Debug|x64.ActiveCfg = Debug|Any CPU
		{5375C963-C362-4EF7-84C3-277FDC22D34D}.Debug|x64.Build.0 = Debug|Any CPU
		{5375C963-C362-4EF7-84C3-277FDC22D34D}.Debug|x86.ActiveCfg = Debug|Any CPU
		{5375C963-C362-4EF7-84C3-277FDC22D34D}.Debug|x86.Build.0 = Debug|Any CPU
		{5375C963-C362-4EF7-84C3-277FDC22D34D}.Release|Any CPU.ActiveCfg = Release|Any CPU
		{5375C963-C362-4EF7-84C3-277FDC22D34D}.Release|Any CPU.Build.0 = Release|Any CPU
		{5375C963-C362-4EF7-84C3-277FDC22D34D}.Release|ARM.ActiveCfg = Release|Any CPU
		{5375C963-C362-4EF7-84C3-277FDC22D34D}.Release|ARM.Build.0 = Release|Any CPU
		{5375C963-C362-4EF7-84C3-277FDC22D34D}.Release|ARM64.ActiveCfg = Release|Any CPU
		{5375C963-C362-4EF7-84C3-277FDC22D34D}.Release|ARM64.Build.0 = Release|Any CPU
		{5375C963-C362-4EF7-84C3-277FDC22D34D}.Release|x64.ActiveCfg = Release|Any CPU
		{5375C963-C362-4EF7-84C3-277FDC22D34D}.Release|x64.Build.0 = Release|Any CPU
		{5375C963-C362-4EF7-84C3-277FDC22D34D}.Release|x86.ActiveCfg = Release|Any CPU
		{5375C963-C362-4EF7-84C3-277FDC22D34D}.Release|x86.Build.0 = Release|Any CPU
		{BEF6AD6B-C9A1-47FF-84B5-6FF875649BB1}.Debug|Any CPU.ActiveCfg = Debug|Any CPU
		{BEF6AD6B-C9A1-47FF-84B5-6FF875649BB1}.Debug|Any CPU.Build.0 = Debug|Any CPU
		{BEF6AD6B-C9A1-47FF-84B5-6FF875649BB1}.Debug|ARM.ActiveCfg = Debug|Any CPU
		{BEF6AD6B-C9A1-47FF-84B5-6FF875649BB1}.Debug|ARM.Build.0 = Debug|Any CPU
		{BEF6AD6B-C9A1-47FF-84B5-6FF875649BB1}.Debug|ARM64.ActiveCfg = Debug|Any CPU
		{BEF6AD6B-C9A1-47FF-84B5-6FF875649BB1}.Debug|ARM64.Build.0 = Debug|Any CPU
		{BEF6AD6B-C9A1-47FF-84B5-6FF875649BB1}.Debug|x64.ActiveCfg = Debug|Any CPU
		{BEF6AD6B-C9A1-47FF-84B5-6FF875649BB1}.Debug|x64.Build.0 = Debug|Any CPU
		{BEF6AD6B-C9A1-47FF-84B5-6FF875649BB1}.Debug|x86.ActiveCfg = Debug|Any CPU
		{BEF6AD6B-C9A1-47FF-84B5-6FF875649BB1}.Debug|x86.Build.0 = Debug|Any CPU
		{BEF6AD6B-C9A1-47FF-84B5-6FF875649BB1}.Release|Any CPU.ActiveCfg = Release|Any CPU
		{BEF6AD6B-C9A1-47FF-84B5-6FF875649BB1}.Release|Any CPU.Build.0 = Release|Any CPU
		{BEF6AD6B-C9A1-47FF-84B5-6FF875649BB1}.Release|ARM.ActiveCfg = Release|Any CPU
		{BEF6AD6B-C9A1-47FF-84B5-6FF875649BB1}.Release|ARM.Build.0 = Release|Any CPU
		{BEF6AD6B-C9A1-47FF-84B5-6FF875649BB1}.Release|ARM64.ActiveCfg = Release|Any CPU
		{BEF6AD6B-C9A1-47FF-84B5-6FF875649BB1}.Release|ARM64.Build.0 = Release|Any CPU
		{BEF6AD6B-C9A1-47FF-84B5-6FF875649BB1}.Release|x64.ActiveCfg = Release|Any CPU
		{BEF6AD6B-C9A1-47FF-84B5-6FF875649BB1}.Release|x64.Build.0 = Release|Any CPU
		{BEF6AD6B-C9A1-47FF-84B5-6FF875649BB1}.Release|x86.ActiveCfg = Release|Any CPU
		{BEF6AD6B-C9A1-47FF-84B5-6FF875649BB1}.Release|x86.Build.0 = Release|Any CPU
		{E6DE89CA-E4FC-4ADC-A405-87FEB97D3D61}.Debug|Any CPU.ActiveCfg = Debug|Any CPU
		{E6DE89CA-E4FC-4ADC-A405-87FEB97D3D61}.Debug|Any CPU.Build.0 = Debug|Any CPU
		{E6DE89CA-E4FC-4ADC-A405-87FEB97D3D61}.Debug|ARM.ActiveCfg = Debug|Any CPU
		{E6DE89CA-E4FC-4ADC-A405-87FEB97D3D61}.Debug|ARM.Build.0 = Debug|Any CPU
		{E6DE89CA-E4FC-4ADC-A405-87FEB97D3D61}.Debug|ARM64.ActiveCfg = Debug|Any CPU
		{E6DE89CA-E4FC-4ADC-A405-87FEB97D3D61}.Debug|ARM64.Build.0 = Debug|Any CPU
		{E6DE89CA-E4FC-4ADC-A405-87FEB97D3D61}.Debug|x64.ActiveCfg = Debug|Any CPU
		{E6DE89CA-E4FC-4ADC-A405-87FEB97D3D61}.Debug|x64.Build.0 = Debug|Any CPU
		{E6DE89CA-E4FC-4ADC-A405-87FEB97D3D61}.Debug|x86.ActiveCfg = Debug|Any CPU
		{E6DE89CA-E4FC-4ADC-A405-87FEB97D3D61}.Debug|x86.Build.0 = Debug|Any CPU
		{E6DE89CA-E4FC-4ADC-A405-87FEB97D3D61}.Release|Any CPU.ActiveCfg = Release|Any CPU
		{E6DE89CA-E4FC-4ADC-A405-87FEB97D3D61}.Release|Any CPU.Build.0 = Release|Any CPU
		{E6DE89CA-E4FC-4ADC-A405-87FEB97D3D61}.Release|ARM.ActiveCfg = Release|Any CPU
		{E6DE89CA-E4FC-4ADC-A405-87FEB97D3D61}.Release|ARM.Build.0 = Release|Any CPU
		{E6DE89CA-E4FC-4ADC-A405-87FEB97D3D61}.Release|ARM64.ActiveCfg = Release|Any CPU
		{E6DE89CA-E4FC-4ADC-A405-87FEB97D3D61}.Release|ARM64.Build.0 = Release|Any CPU
		{E6DE89CA-E4FC-4ADC-A405-87FEB97D3D61}.Release|x64.ActiveCfg = Release|Any CPU
		{E6DE89CA-E4FC-4ADC-A405-87FEB97D3D61}.Release|x64.Build.0 = Release|Any CPU
		{E6DE89CA-E4FC-4ADC-A405-87FEB97D3D61}.Release|x86.ActiveCfg = Release|Any CPU
		{E6DE89CA-E4FC-4ADC-A405-87FEB97D3D61}.Release|x86.Build.0 = Release|Any CPU
		{2A2FED22-9430-4DCA-890A-A582CBE365E2}.Debug|Any CPU.ActiveCfg = Debug|Any CPU
		{2A2FED22-9430-4DCA-890A-A582CBE365E2}.Debug|Any CPU.Build.0 = Debug|Any CPU
		{2A2FED22-9430-4DCA-890A-A582CBE365E2}.Debug|ARM.ActiveCfg = Debug|Any CPU
		{2A2FED22-9430-4DCA-890A-A582CBE365E2}.Debug|ARM.Build.0 = Debug|Any CPU
		{2A2FED22-9430-4DCA-890A-A582CBE365E2}.Debug|ARM64.ActiveCfg = Debug|Any CPU
		{2A2FED22-9430-4DCA-890A-A582CBE365E2}.Debug|ARM64.Build.0 = Debug|Any CPU
		{2A2FED22-9430-4DCA-890A-A582CBE365E2}.Debug|x64.ActiveCfg = Debug|Any CPU
		{2A2FED22-9430-4DCA-890A-A582CBE365E2}.Debug|x64.Build.0 = Debug|Any CPU
		{2A2FED22-9430-4DCA-890A-A582CBE365E2}.Debug|x86.ActiveCfg = Debug|Any CPU
		{2A2FED22-9430-4DCA-890A-A582CBE365E2}.Debug|x86.Build.0 = Debug|Any CPU
		{2A2FED22-9430-4DCA-890A-A582CBE365E2}.Release|Any CPU.ActiveCfg = Release|Any CPU
		{2A2FED22-9430-4DCA-890A-A582CBE365E2}.Release|Any CPU.Build.0 = Release|Any CPU
		{2A2FED22-9430-4DCA-890A-A582CBE365E2}.Release|ARM.ActiveCfg = Release|Any CPU
		{2A2FED22-9430-4DCA-890A-A582CBE365E2}.Release|ARM.Build.0 = Release|Any CPU
		{2A2FED22-9430-4DCA-890A-A582CBE365E2}.Release|ARM64.ActiveCfg = Release|Any CPU
		{2A2FED22-9430-4DCA-890A-A582CBE365E2}.Release|ARM64.Build.0 = Release|Any CPU
		{2A2FED22-9430-4DCA-890A-A582CBE365E2}.Release|x64.ActiveCfg = Release|Any CPU
		{2A2FED22-9430-4DCA-890A-A582CBE365E2}.Release|x64.Build.0 = Release|Any CPU
		{2A2FED22-9430-4DCA-890A-A582CBE365E2}.Release|x86.ActiveCfg = Release|Any CPU
		{2A2FED22-9430-4DCA-890A-A582CBE365E2}.Release|x86.Build.0 = Release|Any CPU
		{881AE24F-7F86-4CAB-857B-2B3850E36E92}.Debug|Any CPU.ActiveCfg = Debug|Any CPU
		{881AE24F-7F86-4CAB-857B-2B3850E36E92}.Debug|Any CPU.Build.0 = Debug|Any CPU
		{881AE24F-7F86-4CAB-857B-2B3850E36E92}.Debug|ARM.ActiveCfg = Debug|Any CPU
		{881AE24F-7F86-4CAB-857B-2B3850E36E92}.Debug|ARM.Build.0 = Debug|Any CPU
		{881AE24F-7F86-4CAB-857B-2B3850E36E92}.Debug|ARM64.ActiveCfg = Debug|Any CPU
		{881AE24F-7F86-4CAB-857B-2B3850E36E92}.Debug|ARM64.Build.0 = Debug|Any CPU
		{881AE24F-7F86-4CAB-857B-2B3850E36E92}.Debug|x64.ActiveCfg = Debug|Any CPU
		{881AE24F-7F86-4CAB-857B-2B3850E36E92}.Debug|x64.Build.0 = Debug|Any CPU
		{881AE24F-7F86-4CAB-857B-2B3850E36E92}.Debug|x86.ActiveCfg = Debug|Any CPU
		{881AE24F-7F86-4CAB-857B-2B3850E36E92}.Debug|x86.Build.0 = Debug|Any CPU
		{881AE24F-7F86-4CAB-857B-2B3850E36E92}.Release|Any CPU.ActiveCfg = Release|Any CPU
		{881AE24F-7F86-4CAB-857B-2B3850E36E92}.Release|Any CPU.Build.0 = Release|Any CPU
		{881AE24F-7F86-4CAB-857B-2B3850E36E92}.Release|ARM.ActiveCfg = Release|Any CPU
		{881AE24F-7F86-4CAB-857B-2B3850E36E92}.Release|ARM.Build.0 = Release|Any CPU
		{881AE24F-7F86-4CAB-857B-2B3850E36E92}.Release|ARM64.ActiveCfg = Release|Any CPU
		{881AE24F-7F86-4CAB-857B-2B3850E36E92}.Release|ARM64.Build.0 = Release|Any CPU
		{881AE24F-7F86-4CAB-857B-2B3850E36E92}.Release|x64.ActiveCfg = Release|Any CPU
		{881AE24F-7F86-4CAB-857B-2B3850E36E92}.Release|x64.Build.0 = Release|Any CPU
		{881AE24F-7F86-4CAB-857B-2B3850E36E92}.Release|x86.ActiveCfg = Release|Any CPU
		{881AE24F-7F86-4CAB-857B-2B3850E36E92}.Release|x86.Build.0 = Release|Any CPU
		{C4CA4900-BE1E-4695-AC5D-8B6BF784D17B}.Debug|Any CPU.ActiveCfg = Debug|Any CPU
		{C4CA4900-BE1E-4695-AC5D-8B6BF784D17B}.Debug|Any CPU.Build.0 = Debug|Any CPU
		{C4CA4900-BE1E-4695-AC5D-8B6BF784D17B}.Debug|ARM.ActiveCfg = Debug|Any CPU
		{C4CA4900-BE1E-4695-AC5D-8B6BF784D17B}.Debug|ARM.Build.0 = Debug|Any CPU
		{C4CA4900-BE1E-4695-AC5D-8B6BF784D17B}.Debug|ARM64.ActiveCfg = Debug|Any CPU
		{C4CA4900-BE1E-4695-AC5D-8B6BF784D17B}.Debug|ARM64.Build.0 = Debug|Any CPU
		{C4CA4900-BE1E-4695-AC5D-8B6BF784D17B}.Debug|x64.ActiveCfg = Debug|Any CPU
		{C4CA4900-BE1E-4695-AC5D-8B6BF784D17B}.Debug|x64.Build.0 = Debug|Any CPU
		{C4CA4900-BE1E-4695-AC5D-8B6BF784D17B}.Debug|x86.ActiveCfg = Debug|Any CPU
		{C4CA4900-BE1E-4695-AC5D-8B6BF784D17B}.Debug|x86.Build.0 = Debug|Any CPU
		{C4CA4900-BE1E-4695-AC5D-8B6BF784D17B}.Release|Any CPU.ActiveCfg = Release|Any CPU
		{C4CA4900-BE1E-4695-AC5D-8B6BF784D17B}.Release|Any CPU.Build.0 = Release|Any CPU
		{C4CA4900-BE1E-4695-AC5D-8B6BF784D17B}.Release|ARM.ActiveCfg = Release|Any CPU
		{C4CA4900-BE1E-4695-AC5D-8B6BF784D17B}.Release|ARM.Build.0 = Release|Any CPU
		{C4CA4900-BE1E-4695-AC5D-8B6BF784D17B}.Release|ARM64.ActiveCfg = Release|Any CPU
		{C4CA4900-BE1E-4695-AC5D-8B6BF784D17B}.Release|ARM64.Build.0 = Release|Any CPU
		{C4CA4900-BE1E-4695-AC5D-8B6BF784D17B}.Release|x64.ActiveCfg = Release|Any CPU
		{C4CA4900-BE1E-4695-AC5D-8B6BF784D17B}.Release|x64.Build.0 = Release|Any CPU
		{C4CA4900-BE1E-4695-AC5D-8B6BF784D17B}.Release|x86.ActiveCfg = Release|Any CPU
		{C4CA4900-BE1E-4695-AC5D-8B6BF784D17B}.Release|x86.Build.0 = Release|Any CPU
		{D36E795A-462E-4B0D-A4A0-E592E3355B0E}.Debug|Any CPU.ActiveCfg = Debug|Any CPU
		{D36E795A-462E-4B0D-A4A0-E592E3355B0E}.Debug|Any CPU.Build.0 = Debug|Any CPU
		{D36E795A-462E-4B0D-A4A0-E592E3355B0E}.Debug|ARM.ActiveCfg = Debug|Any CPU
		{D36E795A-462E-4B0D-A4A0-E592E3355B0E}.Debug|ARM.Build.0 = Debug|Any CPU
		{D36E795A-462E-4B0D-A4A0-E592E3355B0E}.Debug|ARM64.ActiveCfg = Debug|Any CPU
		{D36E795A-462E-4B0D-A4A0-E592E3355B0E}.Debug|ARM64.Build.0 = Debug|Any CPU
		{D36E795A-462E-4B0D-A4A0-E592E3355B0E}.Debug|x64.ActiveCfg = Debug|Any CPU
		{D36E795A-462E-4B0D-A4A0-E592E3355B0E}.Debug|x64.Build.0 = Debug|Any CPU
		{D36E795A-462E-4B0D-A4A0-E592E3355B0E}.Debug|x86.ActiveCfg = Debug|Any CPU
		{D36E795A-462E-4B0D-A4A0-E592E3355B0E}.Debug|x86.Build.0 = Debug|Any CPU
		{D36E795A-462E-4B0D-A4A0-E592E3355B0E}.Release|Any CPU.ActiveCfg = Release|Any CPU
		{D36E795A-462E-4B0D-A4A0-E592E3355B0E}.Release|Any CPU.Build.0 = Release|Any CPU
		{D36E795A-462E-4B0D-A4A0-E592E3355B0E}.Release|ARM.ActiveCfg = Release|Any CPU
		{D36E795A-462E-4B0D-A4A0-E592E3355B0E}.Release|ARM.Build.0 = Release|Any CPU
		{D36E795A-462E-4B0D-A4A0-E592E3355B0E}.Release|ARM64.ActiveCfg = Release|Any CPU
		{D36E795A-462E-4B0D-A4A0-E592E3355B0E}.Release|ARM64.Build.0 = Release|Any CPU
		{D36E795A-462E-4B0D-A4A0-E592E3355B0E}.Release|x64.ActiveCfg = Release|Any CPU
		{D36E795A-462E-4B0D-A4A0-E592E3355B0E}.Release|x64.Build.0 = Release|Any CPU
		{D36E795A-462E-4B0D-A4A0-E592E3355B0E}.Release|x86.ActiveCfg = Release|Any CPU
		{D36E795A-462E-4B0D-A4A0-E592E3355B0E}.Release|x86.Build.0 = Release|Any CPU
		{563BB48B-0286-4846-9359-222C4B4E1ED5}.Debug|Any CPU.ActiveCfg = Debug|Any CPU
		{563BB48B-0286-4846-9359-222C4B4E1ED5}.Debug|Any CPU.Build.0 = Debug|Any CPU
		{563BB48B-0286-4846-9359-222C4B4E1ED5}.Debug|ARM.ActiveCfg = Debug|Any CPU
		{563BB48B-0286-4846-9359-222C4B4E1ED5}.Debug|ARM.Build.0 = Debug|Any CPU
		{563BB48B-0286-4846-9359-222C4B4E1ED5}.Debug|ARM64.ActiveCfg = Debug|Any CPU
		{563BB48B-0286-4846-9359-222C4B4E1ED5}.Debug|ARM64.Build.0 = Debug|Any CPU
		{563BB48B-0286-4846-9359-222C4B4E1ED5}.Debug|x64.ActiveCfg = Debug|Any CPU
		{563BB48B-0286-4846-9359-222C4B4E1ED5}.Debug|x64.Build.0 = Debug|Any CPU
		{563BB48B-0286-4846-9359-222C4B4E1ED5}.Debug|x86.ActiveCfg = Debug|Any CPU
		{563BB48B-0286-4846-9359-222C4B4E1ED5}.Debug|x86.Build.0 = Debug|Any CPU
		{563BB48B-0286-4846-9359-222C4B4E1ED5}.Release|Any CPU.ActiveCfg = Release|Any CPU
		{563BB48B-0286-4846-9359-222C4B4E1ED5}.Release|Any CPU.Build.0 = Release|Any CPU
		{563BB48B-0286-4846-9359-222C4B4E1ED5}.Release|ARM.ActiveCfg = Release|Any CPU
		{563BB48B-0286-4846-9359-222C4B4E1ED5}.Release|ARM.Build.0 = Release|Any CPU
		{563BB48B-0286-4846-9359-222C4B4E1ED5}.Release|ARM64.ActiveCfg = Release|Any CPU
		{563BB48B-0286-4846-9359-222C4B4E1ED5}.Release|ARM64.Build.0 = Release|Any CPU
		{563BB48B-0286-4846-9359-222C4B4E1ED5}.Release|x64.ActiveCfg = Release|Any CPU
		{563BB48B-0286-4846-9359-222C4B4E1ED5}.Release|x64.Build.0 = Release|Any CPU
		{563BB48B-0286-4846-9359-222C4B4E1ED5}.Release|x86.ActiveCfg = Release|Any CPU
		{563BB48B-0286-4846-9359-222C4B4E1ED5}.Release|x86.Build.0 = Release|Any CPU
		{A5126D85-7A3B-4041-A5E3-34E316AA54DA}.Debug|Any CPU.ActiveCfg = Debug|Any CPU
		{A5126D85-7A3B-4041-A5E3-34E316AA54DA}.Debug|Any CPU.Build.0 = Debug|Any CPU
		{A5126D85-7A3B-4041-A5E3-34E316AA54DA}.Debug|ARM.ActiveCfg = Debug|Any CPU
		{A5126D85-7A3B-4041-A5E3-34E316AA54DA}.Debug|ARM.Build.0 = Debug|Any CPU
		{A5126D85-7A3B-4041-A5E3-34E316AA54DA}.Debug|ARM64.ActiveCfg = Debug|Any CPU
		{A5126D85-7A3B-4041-A5E3-34E316AA54DA}.Debug|ARM64.Build.0 = Debug|Any CPU
		{A5126D85-7A3B-4041-A5E3-34E316AA54DA}.Debug|x64.ActiveCfg = Debug|Any CPU
		{A5126D85-7A3B-4041-A5E3-34E316AA54DA}.Debug|x64.Build.0 = Debug|Any CPU
		{A5126D85-7A3B-4041-A5E3-34E316AA54DA}.Debug|x86.ActiveCfg = Debug|Any CPU
		{A5126D85-7A3B-4041-A5E3-34E316AA54DA}.Debug|x86.Build.0 = Debug|Any CPU
		{A5126D85-7A3B-4041-A5E3-34E316AA54DA}.Release|Any CPU.ActiveCfg = Release|Any CPU
		{A5126D85-7A3B-4041-A5E3-34E316AA54DA}.Release|Any CPU.Build.0 = Release|Any CPU
		{A5126D85-7A3B-4041-A5E3-34E316AA54DA}.Release|ARM.ActiveCfg = Release|Any CPU
		{A5126D85-7A3B-4041-A5E3-34E316AA54DA}.Release|ARM.Build.0 = Release|Any CPU
		{A5126D85-7A3B-4041-A5E3-34E316AA54DA}.Release|ARM64.ActiveCfg = Release|Any CPU
		{A5126D85-7A3B-4041-A5E3-34E316AA54DA}.Release|ARM64.Build.0 = Release|Any CPU
		{A5126D85-7A3B-4041-A5E3-34E316AA54DA}.Release|x64.ActiveCfg = Release|Any CPU
		{A5126D85-7A3B-4041-A5E3-34E316AA54DA}.Release|x64.Build.0 = Release|Any CPU
		{A5126D85-7A3B-4041-A5E3-34E316AA54DA}.Release|x86.ActiveCfg = Release|Any CPU
		{A5126D85-7A3B-4041-A5E3-34E316AA54DA}.Release|x86.Build.0 = Release|Any CPU
	EndGlobalSection
	GlobalSection(SolutionProperties) = preSolution
		HideSolutionNode = FALSE
	EndGlobalSection
	GlobalSection(ExtensibilityGlobals) = postSolution
		SolutionGuid = {7139A6A9-7C2B-4785-BFE7-B3F7036B09B9}
	EndGlobalSection
EndGlobal
